
Microsoft Visual Studio Solution File, Format Version 12.00
# Visual Studio Version 17
VisualStudioVersion = 17.4.33122.133
MinimumVisualStudioVersion = 10.0.40219.1
Project("{FAE04EC0-301F-11D3-BF4B-00C04F79EFBC}") = "StudentsApi", "StudentsApi\StudentsApi.csproj", "{32622271-70B7-4525-BCF4-4383C5550543}"
EndProject
Project("{FAE04EC0-301F-11D3-BF4B-00C04F79EFBC}") = "Students.Domain", "Students.Domain\Students.Domain.csproj", "{868CCB62-24D4-4B5C-8765-A058D362079F}"
EndProject
Project("{FAE04EC0-301F-11D3-BF4B-00C04F79EFBC}") = "Students.Data", "Students.Data\Students.Data.csproj", "{FBC39581-E071-4310-955E-D87A44ECEC38}"
EndProject
Project("{FAE04EC0-301F-11D3-BF4B-00C04F79EFBC}") = "Students.Services", "Students.Services\Students.Services.csproj", "{C5FA53C5-64E0-417F-B895-825F0859E9E9}"
EndProject
Global
	GlobalSection(SolutionConfigurationPlatforms) = preSolution
		Debug|Any CPU = Debug|Any CPU
		Release|Any CPU = Release|Any CPU
	EndGlobalSection
	GlobalSection(ProjectConfigurationPlatforms) = postSolution
		{32622271-70B7-4525-BCF4-4383C5550543}.Debug|Any CPU.ActiveCfg = Debug|Any CPU
		{32622271-70B7-4525-BCF4-4383C5550543}.Debug|Any CPU.Build.0 = Debug|Any CPU
		{32622271-70B7-4525-BCF4-4383C5550543}.Release|Any CPU.ActiveCfg = Release|Any CPU
		{32622271-70B7-4525-BCF4-4383C5550543}.Release|Any CPU.Build.0 = Release|Any CPU
		{868CCB62-24D4-4B5C-8765-A058D362079F}.Debug|Any CPU.ActiveCfg = Debug|Any CPU
		{868CCB62-24D4-4B5C-8765-A058D362079F}.Debug|Any CPU.Build.0 = Debug|Any CPU
		{868CCB62-24D4-4B5C-8765-A058D362079F}.Release|Any CPU.ActiveCfg = Release|Any CPU
		{868CCB62-24D4-4B5C-8765-A058D362079F}.Release|Any CPU.Build.0 = Release|Any CPU
		{FBC39581-E071-4310-955E-D87A44ECEC38}.Debug|Any CPU.ActiveCfg = Debug|Any CPU
		{FBC39581-E071-4310-955E-D87A44ECEC38}.Debug|Any CPU.Build.0 = Debug|Any CPU
		{FBC39581-E071-4310-955E-D87A44ECEC38}.Release|Any CPU.ActiveCfg = Release|Any CPU
		{FBC39581-E071-4310-955E-D87A44ECEC38}.Release|Any CPU.Build.0 = Release|Any CPU
		{C5FA53C5-64E0-417F-B895-825F0859E9E9}.Debug|Any CPU.ActiveCfg = Debug|Any CPU
		{C5FA53C5-64E0-417F-B895-825F0859E9E9}.Debug|Any CPU.Build.0 = Debug|Any CPU
		{C5FA53C5-64E0-417F-B895-825F0859E9E9}.Release|Any CPU.ActiveCfg = Release|Any CPU
		{C5FA53C5-64E0-417F-B895-825F0859E9E9}.Release|Any CPU.Build.0 = Release|Any CPU
	EndGlobalSection
	GlobalSection(SolutionProperties) = preSolution
		HideSolutionNode = FALSE
	EndGlobalSection
	GlobalSection(ExtensibilityGlobals) = postSolution
		SolutionGuid = {2C1CDFA2-C250-4DC0-8C25-709F7C5816E6}
	EndGlobalSection
EndGlobal
